
Microsoft Visual Studio Solution File, Format Version 12.00
# Visual Studio Version 17
VisualStudioVersion = 17.5.33530.505
MinimumVisualStudioVersion = 10.0.40219.1
Project("{9A19103F-16F7-4668-BE54-9A1E7A4F7556}") = "n3fjp2hamclock.wpf", "n3fjp2hamclock.wpf\n3fjp2hamclock.wpf.csproj", "{ED1AE630-25C7-4EFD-99A7-A53C665E63F8}"
EndProject
Project("{9A19103F-16F7-4668-BE54-9A1E7A4F7556}") = "n3fjp2hamclock.helpers", "n3fjp2hamclock.helpers\n3fjp2hamclock.helpers.csproj", "{C0D94250-054A-46AA-8183-9977B6097B19}"
EndProject
Global
	GlobalSection(SolutionConfigurationPlatforms) = preSolution
		Debug|Any CPU = Debug|Any CPU
		Release|Any CPU = Release|Any CPU
	EndGlobalSection
	GlobalSection(ProjectConfigurationPlatforms) = postSolution
		{ED1AE630-25C7-4EFD-99A7-A53C665E63F8}.Debug|Any CPU.ActiveCfg = Debug|Any CPU
		{ED1AE630-25C7-4EFD-99A7-A53C665E63F8}.Debug|Any CPU.Build.0 = Debug|Any CPU
		{ED1AE630-25C7-4EFD-99A7-A53C665E63F8}.Release|Any CPU.ActiveCfg = Release|Any CPU
		{ED1AE630-25C7-4EFD-99A7-A53C665E63F8}.Release|Any CPU.Build.0 = Release|Any CPU
		{C0D94250-054A-46AA-8183-9977B6097B19}.Debug|Any CPU.ActiveCfg = Debug|Any CPU
		{C0D94250-054A-46AA-8183-9977B6097B19}.Debug|Any CPU.Build.0 = Debug|Any CPU
		{C0D94250-054A-46AA-8183-9977B6097B19}.Release|Any CPU.ActiveCfg = Release|Any CPU
		{C0D94250-054A-46AA-8183-9977B6097B19}.Release|Any CPU.Build.0 = Release|Any CPU
	EndGlobalSection
	GlobalSection(SolutionProperties) = preSolution
		HideSolutionNode = FALSE
	EndGlobalSection
	GlobalSection(ExtensibilityGlobals) = postSolution
		SolutionGuid = {11399227-CF6B-449C-A61E-D2E6A83D7F92}
	EndGlobalSection
EndGlobal
